
Microsoft Visual Studio Solution File, Format Version 12.00
# Visual Studio Version 16
VisualStudioVersion = 16.0.31402.337
MinimumVisualStudioVersion = 10.0.40219.1
Project("{FAE04EC0-301F-11D3-BF4B-00C04F79EFBC}") = "Ex2 - AULA 7", "Ex2 - AULA 7\Ex2 - AULA 7.csproj", "{BF137BC6-CC44-4E50-A584-5FB46DB5D362}"
EndProject
Global
	GlobalSection(SolutionConfigurationPlatforms) = preSolution
		Debug|Any CPU = Debug|Any CPU
		Release|Any CPU = Release|Any CPU
	EndGlobalSection
	GlobalSection(ProjectConfigurationPlatforms) = postSolution
		{BF137BC6-CC44-4E50-A584-5FB46DB5D362}.Debug|Any CPU.ActiveCfg = Debug|Any CPU
		{BF137BC6-CC44-4E50-A584-5FB46DB5D362}.Debug|Any CPU.Build.0 = Debug|Any CPU
		{BF137BC6-CC44-4E50-A584-5FB46DB5D362}.Release|Any CPU.ActiveCfg = Release|Any CPU
		{BF137BC6-CC44-4E50-A584-5FB46DB5D362}.Release|Any CPU.Build.0 = Release|Any CPU
	EndGlobalSection
	GlobalSection(SolutionProperties) = preSolution
		HideSolutionNode = FALSE
	EndGlobalSection
	GlobalSection(ExtensibilityGlobals) = postSolution
		SolutionGuid = {776DD3D3-A868-4EBD-8077-4F6EE2C773DC}
	EndGlobalSection
EndGlobal
