
Microsoft Visual Studio Solution File, Format Version 12.00
# Visual Studio Version 16
VisualStudioVersion = 16.0.31402.337
MinimumVisualStudioVersion = 10.0.40219.1
Project("{FAE04EC0-301F-11D3-BF4B-00C04F79EFBC}") = "Ex7 - AULA 3", "Ex7 - AULA 3\Ex7 - AULA 3.csproj", "{8C7D6360-B905-453D-A6BA-2FBEF22FCFED}"
EndProject
Global
	GlobalSection(SolutionConfigurationPlatforms) = preSolution
		Debug|Any CPU = Debug|Any CPU
		Release|Any CPU = Release|Any CPU
	EndGlobalSection
	GlobalSection(ProjectConfigurationPlatforms) = postSolution
		{8C7D6360-B905-453D-A6BA-2FBEF22FCFED}.Debug|Any CPU.ActiveCfg = Debug|Any CPU
		{8C7D6360-B905-453D-A6BA-2FBEF22FCFED}.Debug|Any CPU.Build.0 = Debug|Any CPU
		{8C7D6360-B905-453D-A6BA-2FBEF22FCFED}.Release|Any CPU.ActiveCfg = Release|Any CPU
		{8C7D6360-B905-453D-A6BA-2FBEF22FCFED}.Release|Any CPU.Build.0 = Release|Any CPU
	EndGlobalSection
	GlobalSection(SolutionProperties) = preSolution
		HideSolutionNode = FALSE
	EndGlobalSection
	GlobalSection(ExtensibilityGlobals) = postSolution
		SolutionGuid = {677440E1-93D2-425E-9FF6-29FB6EA1B30F}
	EndGlobalSection
EndGlobal
