
Microsoft Visual Studio Solution File, Format Version 12.00
# Visual Studio Version 16
VisualStudioVersion = 16.0.31402.337
MinimumVisualStudioVersion = 10.0.40219.1
Project("{FAE04EC0-301F-11D3-BF4B-00C04F79EFBC}") = "Ex2 - AULA 4", "Ex2 - AULA 4\Ex2 - AULA 4.csproj", "{DE6C0331-AB3A-47B2-9514-AA226DD90565}"
EndProject
Global
	GlobalSection(SolutionConfigurationPlatforms) = preSolution
		Debug|Any CPU = Debug|Any CPU
		Release|Any CPU = Release|Any CPU
	EndGlobalSection
	GlobalSection(ProjectConfigurationPlatforms) = postSolution
		{DE6C0331-AB3A-47B2-9514-AA226DD90565}.Debug|Any CPU.ActiveCfg = Debug|Any CPU
		{DE6C0331-AB3A-47B2-9514-AA226DD90565}.Debug|Any CPU.Build.0 = Debug|Any CPU
		{DE6C0331-AB3A-47B2-9514-AA226DD90565}.Release|Any CPU.ActiveCfg = Release|Any CPU
		{DE6C0331-AB3A-47B2-9514-AA226DD90565}.Release|Any CPU.Build.0 = Release|Any CPU
	EndGlobalSection
	GlobalSection(SolutionProperties) = preSolution
		HideSolutionNode = FALSE
	EndGlobalSection
	GlobalSection(ExtensibilityGlobals) = postSolution
		SolutionGuid = {A0EBFB8D-8F72-4F6E-BB95-A701366B1F76}
	EndGlobalSection
EndGlobal
