
Microsoft Visual Studio Solution File, Format Version 12.00
# Visual Studio Version 16
VisualStudioVersion = 16.0.31424.327
MinimumVisualStudioVersion = 10.0.40219.1
Project("{FAE04EC0-301F-11D3-BF4B-00C04F79EFBC}") = "Ex4 - AULA 8 - WHILE", "Ex4 - AULA 8 - WHILE\Ex4 - AULA 8 - WHILE.csproj", "{02D54B38-1E4E-4069-B016-9688278AB2FE}"
EndProject
Global
	GlobalSection(SolutionConfigurationPlatforms) = preSolution
		Debug|Any CPU = Debug|Any CPU
		Release|Any CPU = Release|Any CPU
	EndGlobalSection
	GlobalSection(ProjectConfigurationPlatforms) = postSolution
		{02D54B38-1E4E-4069-B016-9688278AB2FE}.Debug|Any CPU.ActiveCfg = Debug|Any CPU
		{02D54B38-1E4E-4069-B016-9688278AB2FE}.Debug|Any CPU.Build.0 = Debug|Any CPU
		{02D54B38-1E4E-4069-B016-9688278AB2FE}.Release|Any CPU.ActiveCfg = Release|Any CPU
		{02D54B38-1E4E-4069-B016-9688278AB2FE}.Release|Any CPU.Build.0 = Release|Any CPU
	EndGlobalSection
	GlobalSection(SolutionProperties) = preSolution
		HideSolutionNode = FALSE
	EndGlobalSection
	GlobalSection(ExtensibilityGlobals) = postSolution
		SolutionGuid = {3EFC53F9-1627-41CA-BA83-7F4C3DCE9E15}
	EndGlobalSection
EndGlobal
