
Microsoft Visual Studio Solution File, Format Version 12.00
# Visual Studio Version 16
VisualStudioVersion = 16.0.31402.337
MinimumVisualStudioVersion = 10.0.40219.1
Project("{FAE04EC0-301F-11D3-BF4B-00C04F79EFBC}") = "Ex44 - Aula 3", "Ex44 - Aula 3\Ex44 - Aula 3.csproj", "{B05FF3D1-DE63-4F84-869B-336F9CA5073C}"
EndProject
Global
	GlobalSection(SolutionConfigurationPlatforms) = preSolution
		Debug|Any CPU = Debug|Any CPU
		Release|Any CPU = Release|Any CPU
	EndGlobalSection
	GlobalSection(ProjectConfigurationPlatforms) = postSolution
		{B05FF3D1-DE63-4F84-869B-336F9CA5073C}.Debug|Any CPU.ActiveCfg = Debug|Any CPU
		{B05FF3D1-DE63-4F84-869B-336F9CA5073C}.Debug|Any CPU.Build.0 = Debug|Any CPU
		{B05FF3D1-DE63-4F84-869B-336F9CA5073C}.Release|Any CPU.ActiveCfg = Release|Any CPU
		{B05FF3D1-DE63-4F84-869B-336F9CA5073C}.Release|Any CPU.Build.0 = Release|Any CPU
	EndGlobalSection
	GlobalSection(SolutionProperties) = preSolution
		HideSolutionNode = FALSE
	EndGlobalSection
	GlobalSection(ExtensibilityGlobals) = postSolution
		SolutionGuid = {1867C433-4047-4C49-9FD8-AAC15054F1B1}
	EndGlobalSection
EndGlobal
