
Microsoft Visual Studio Solution File, Format Version 12.00
# Visual Studio Version 16
VisualStudioVersion = 16.0.31402.337
MinimumVisualStudioVersion = 10.0.40219.1
Project("{FAE04EC0-301F-11D3-BF4B-00C04F79EFBC}") = "Ex1 - AULA 8", "Ex1 - AULA 8\Ex1 - AULA 8.csproj", "{FE02B218-89FE-48AC-A52B-8B02D423B7F4}"
EndProject
Global
	GlobalSection(SolutionConfigurationPlatforms) = preSolution
		Debug|Any CPU = Debug|Any CPU
		Release|Any CPU = Release|Any CPU
	EndGlobalSection
	GlobalSection(ProjectConfigurationPlatforms) = postSolution
		{FE02B218-89FE-48AC-A52B-8B02D423B7F4}.Debug|Any CPU.ActiveCfg = Debug|Any CPU
		{FE02B218-89FE-48AC-A52B-8B02D423B7F4}.Debug|Any CPU.Build.0 = Debug|Any CPU
		{FE02B218-89FE-48AC-A52B-8B02D423B7F4}.Release|Any CPU.ActiveCfg = Release|Any CPU
		{FE02B218-89FE-48AC-A52B-8B02D423B7F4}.Release|Any CPU.Build.0 = Release|Any CPU
	EndGlobalSection
	GlobalSection(SolutionProperties) = preSolution
		HideSolutionNode = FALSE
	EndGlobalSection
	GlobalSection(ExtensibilityGlobals) = postSolution
		SolutionGuid = {057E1E48-6666-47EB-8FC9-A5DA90A7C445}
	EndGlobalSection
EndGlobal
