
Microsoft Visual Studio Solution File, Format Version 12.00
# Visual Studio Version 16
VisualStudioVersion = 16.0.31402.337
MinimumVisualStudioVersion = 10.0.40219.1
Project("{FAE04EC0-301F-11D3-BF4B-00C04F79EFBC}") = "Ex4 - AULA 4", "Ex4 - AULA 4\Ex4 - AULA 4.csproj", "{425C40C9-6893-41CB-9ED7-261983BA0C47}"
EndProject
Global
	GlobalSection(SolutionConfigurationPlatforms) = preSolution
		Debug|Any CPU = Debug|Any CPU
		Release|Any CPU = Release|Any CPU
	EndGlobalSection
	GlobalSection(ProjectConfigurationPlatforms) = postSolution
		{425C40C9-6893-41CB-9ED7-261983BA0C47}.Debug|Any CPU.ActiveCfg = Debug|Any CPU
		{425C40C9-6893-41CB-9ED7-261983BA0C47}.Debug|Any CPU.Build.0 = Debug|Any CPU
		{425C40C9-6893-41CB-9ED7-261983BA0C47}.Release|Any CPU.ActiveCfg = Release|Any CPU
		{425C40C9-6893-41CB-9ED7-261983BA0C47}.Release|Any CPU.Build.0 = Release|Any CPU
	EndGlobalSection
	GlobalSection(SolutionProperties) = preSolution
		HideSolutionNode = FALSE
	EndGlobalSection
	GlobalSection(ExtensibilityGlobals) = postSolution
		SolutionGuid = {50FCDAD4-9B3C-4384-A305-61FE6FD573C0}
	EndGlobalSection
EndGlobal
